
Microsoft Visual Studio Solution File, Format Version 12.00
# Visual Studio 14
VisualStudioVersion = 14.0.25420.1
MinimumVisualStudioVersion = 10.0.40219.1
Project("{2150E333-8FDC-42A3-9474-1A3956D46DE8}") = "Solution Items", "Solution Items", "{5C004298-15FB-42F6-836A-C0782CAF41FE}"
	ProjectSection(SolutionItems) = preProject
		..\acknowledgments.txt = ..\acknowledgments.txt
		AssemblyVersion.cs = AssemblyVersion.cs
		..\License.txt = ..\License.txt
		Caliburn.Micro.Autofac.Packaging\Package.nuspec = Caliburn.Micro.Autofac.Packaging\Package.nuspec
		..\README.md = ..\README.md
	EndProjectSection
EndProject
Project("{2150E333-8FDC-42A3-9474-1A3956D46DE8}") = ".nuget", ".nuget", "{0FE140EC-6EAB-4E8C-B9B9-D00CBC3EEDFD}"
	ProjectSection(SolutionItems) = preProject
		.nuget\NuGet.Config = .nuget\NuGet.Config
		.nuget\NuGet.exe = .nuget\NuGet.exe
		.nuget\NuGet.targets = .nuget\NuGet.targets
	EndProjectSection
EndProject
Project("{FAE04EC0-301F-11D3-BF4B-00C04F79EFBC}") = "Caliburn.Micro.Autofac.WPF", "Caliburn.Micro.Autofac.WPF\Caliburn.Micro.Autofac.WPF.csproj", "{E2D4682D-D053-4A01-800E-9684D0A9EC64}"
EndProject
Project("{2150E333-8FDC-42A3-9474-1A3956D46DE8}") = "Examples", "Examples", "{7DA83FE0-220F-4701-87F2-23C16A1FE2CC}"
EndProject
Project("{FAE04EC0-301F-11D3-BF4B-00C04F79EFBC}") = "Sample-Win8.1", "..\samples\Sample-Win81\Sample-Win8.1.csproj", "{8EEBF2DF-D20C-4480-9AC2-51880882535D}"
EndProject
Project("{FAE04EC0-301F-11D3-BF4B-00C04F79EFBC}") = "Caliburn.Micro.Autofac.WinStore", "Caliburn.Micro.Autofac.UniversalApps\Caliburn.Micro.Autofac.WinStore.csproj", "{9C57AD35-713A-4445-A63F-2584FA834544}"
EndProject
Project("{FAE04EC0-301F-11D3-BF4B-00C04F79EFBC}") = "Sample-WPF", "..\samples\Sample-WPF\Sample-WPF.csproj", "{0110C9AE-2ACA-4EC4-85B5-E06C54EF9DFA}"
EndProject
Project("{FAE04EC0-301F-11D3-BF4B-00C04F79EFBC}") = "Caliburn.Micro.Autofac.WinPhoneUniversal", "Caliburn.Micro.Autofac.WinPhoneUniversal\Caliburn.Micro.Autofac.WinPhoneUniversal.csproj", "{A8397EA1-F15A-428A-B9BE-D9F124FCFD7A}"
EndProject
Global
	GlobalSection(SolutionConfigurationPlatforms) = preSolution
		Debug|Any CPU = Debug|Any CPU
		Debug|ARM = Debug|ARM
		Debug|Mixed Platforms = Debug|Mixed Platforms
		Debug|x64 = Debug|x64
		Debug|x86 = Debug|x86
		Release|Any CPU = Release|Any CPU
		Release|ARM = Release|ARM
		Release|Mixed Platforms = Release|Mixed Platforms
		Release|x64 = Release|x64
		Release|x86 = Release|x86
	EndGlobalSection
	GlobalSection(ProjectConfigurationPlatforms) = postSolution
		{E2D4682D-D053-4A01-800E-9684D0A9EC64}.Debug|Any CPU.ActiveCfg = Debug|Any CPU
		{E2D4682D-D053-4A01-800E-9684D0A9EC64}.Debug|Any CPU.Build.0 = Debug|Any CPU
		{E2D4682D-D053-4A01-800E-9684D0A9EC64}.Debug|ARM.ActiveCfg = Debug|Any CPU
		{E2D4682D-D053-4A01-800E-9684D0A9EC64}.Debug|Mixed Platforms.ActiveCfg = Debug|Any CPU
		{E2D4682D-D053-4A01-800E-9684D0A9EC64}.Debug|Mixed Platforms.Build.0 = Debug|Any CPU
		{E2D4682D-D053-4A01-800E-9684D0A9EC64}.Debug|x64.ActiveCfg = Debug|Any CPU
		{E2D4682D-D053-4A01-800E-9684D0A9EC64}.Debug|x86.ActiveCfg = Debug|Any CPU
		{E2D4682D-D053-4A01-800E-9684D0A9EC64}.Release|Any CPU.ActiveCfg = Release|Any CPU
		{E2D4682D-D053-4A01-800E-9684D0A9EC64}.Release|Any CPU.Build.0 = Release|Any CPU
		{E2D4682D-D053-4A01-800E-9684D0A9EC64}.Release|ARM.ActiveCfg = Release|Any CPU
		{E2D4682D-D053-4A01-800E-9684D0A9EC64}.Release|Mixed Platforms.ActiveCfg = Release|Any CPU
		{E2D4682D-D053-4A01-800E-9684D0A9EC64}.Release|Mixed Platforms.Build.0 = Release|Any CPU
		{E2D4682D-D053-4A01-800E-9684D0A9EC64}.Release|x64.ActiveCfg = Release|Any CPU
		{E2D4682D-D053-4A01-800E-9684D0A9EC64}.Release|x86.ActiveCfg = Release|Any CPU
		{8EEBF2DF-D20C-4480-9AC2-51880882535D}.Debug|Any CPU.ActiveCfg = Debug|Any CPU
		{8EEBF2DF-D20C-4480-9AC2-51880882535D}.Debug|Any CPU.Build.0 = Debug|Any CPU
		{8EEBF2DF-D20C-4480-9AC2-51880882535D}.Debug|Any CPU.Deploy.0 = Debug|Any CPU
		{8EEBF2DF-D20C-4480-9AC2-51880882535D}.Debug|ARM.ActiveCfg = Debug|ARM
		{8EEBF2DF-D20C-4480-9AC2-51880882535D}.Debug|ARM.Build.0 = Debug|ARM
		{8EEBF2DF-D20C-4480-9AC2-51880882535D}.Debug|ARM.Deploy.0 = Debug|ARM
		{8EEBF2DF-D20C-4480-9AC2-51880882535D}.Debug|Mixed Platforms.ActiveCfg = Debug|Any CPU
		{8EEBF2DF-D20C-4480-9AC2-51880882535D}.Debug|Mixed Platforms.Build.0 = Debug|Any CPU
		{8EEBF2DF-D20C-4480-9AC2-51880882535D}.Debug|Mixed Platforms.Deploy.0 = Debug|Any CPU
		{8EEBF2DF-D20C-4480-9AC2-51880882535D}.Debug|x64.ActiveCfg = Debug|x64
		{8EEBF2DF-D20C-4480-9AC2-51880882535D}.Debug|x64.Build.0 = Debug|x64
		{8EEBF2DF-D20C-4480-9AC2-51880882535D}.Debug|x64.Deploy.0 = Debug|x64
		{8EEBF2DF-D20C-4480-9AC2-51880882535D}.Debug|x86.ActiveCfg = Debug|x86
		{8EEBF2DF-D20C-4480-9AC2-51880882535D}.Debug|x86.Build.0 = Debug|x86
		{8EEBF2DF-D20C-4480-9AC2-51880882535D}.Debug|x86.Deploy.0 = Debug|x86
		{8EEBF2DF-D20C-4480-9AC2-51880882535D}.Release|Any CPU.ActiveCfg = Release|Any CPU
		{8EEBF2DF-D20C-4480-9AC2-51880882535D}.Release|Any CPU.Build.0 = Release|Any CPU
		{8EEBF2DF-D20C-4480-9AC2-51880882535D}.Release|Any CPU.Deploy.0 = Release|Any CPU
		{8EEBF2DF-D20C-4480-9AC2-51880882535D}.Release|ARM.ActiveCfg = Release|ARM
		{8EEBF2DF-D20C-4480-9AC2-51880882535D}.Release|ARM.Build.0 = Release|ARM
		{8EEBF2DF-D20C-4480-9AC2-51880882535D}.Release|ARM.Deploy.0 = Release|ARM
		{8EEBF2DF-D20C-4480-9AC2-51880882535D}.Release|Mixed Platforms.ActiveCfg = Release|x86
		{8EEBF2DF-D20C-4480-9AC2-51880882535D}.Release|Mixed Platforms.Build.0 = Release|x86
		{8EEBF2DF-D20C-4480-9AC2-51880882535D}.Release|Mixed Platforms.Deploy.0 = Release|x86
		{8EEBF2DF-D20C-4480-9AC2-51880882535D}.Release|x64.ActiveCfg = Release|x64
		{8EEBF2DF-D20C-4480-9AC2-51880882535D}.Release|x64.Build.0 = Release|x64
		{8EEBF2DF-D20C-4480-9AC2-51880882535D}.Release|x64.Deploy.0 = Release|x64
		{8EEBF2DF-D20C-4480-9AC2-51880882535D}.Release|x86.ActiveCfg = Release|x86
		{8EEBF2DF-D20C-4480-9AC2-51880882535D}.Release|x86.Build.0 = Release|x86
		{8EEBF2DF-D20C-4480-9AC2-51880882535D}.Release|x86.Deploy.0 = Release|x86
		{9C57AD35-713A-4445-A63F-2584FA834544}.Debug|Any CPU.ActiveCfg = Debug|Any CPU
		{9C57AD35-713A-4445-A63F-2584FA834544}.Debug|Any CPU.Build.0 = Debug|Any CPU
		{9C57AD35-713A-4445-A63F-2584FA834544}.Debug|ARM.ActiveCfg = Debug|Any CPU
		{9C57AD35-713A-4445-A63F-2584FA834544}.Debug|Mixed Platforms.ActiveCfg = Debug|Any CPU
		{9C57AD35-713A-4445-A63F-2584FA834544}.Debug|Mixed Platforms.Build.0 = Debug|Any CPU
		{9C57AD35-713A-4445-A63F-2584FA834544}.Debug|x64.ActiveCfg = Debug|Any CPU
		{9C57AD35-713A-4445-A63F-2584FA834544}.Debug|x86.ActiveCfg = Debug|Any CPU
		{9C57AD35-713A-4445-A63F-2584FA834544}.Release|Any CPU.ActiveCfg = Release|Any CPU
		{9C57AD35-713A-4445-A63F-2584FA834544}.Release|Any CPU.Build.0 = Release|Any CPU
		{9C57AD35-713A-4445-A63F-2584FA834544}.Release|ARM.ActiveCfg = Release|Any CPU
		{9C57AD35-713A-4445-A63F-2584FA834544}.Release|Mixed Platforms.ActiveCfg = Release|Any CPU
		{9C57AD35-713A-4445-A63F-2584FA834544}.Release|Mixed Platforms.Build.0 = Release|Any CPU
		{9C57AD35-713A-4445-A63F-2584FA834544}.Release|x64.ActiveCfg = Release|Any CPU
		{9C57AD35-713A-4445-A63F-2584FA834544}.Release|x86.ActiveCfg = Release|Any CPU
		{0110C9AE-2ACA-4EC4-85B5-E06C54EF9DFA}.Debug|Any CPU.ActiveCfg = Debug|x86
		{0110C9AE-2ACA-4EC4-85B5-E06C54EF9DFA}.Debug|ARM.ActiveCfg = Debug|x86
		{0110C9AE-2ACA-4EC4-85B5-E06C54EF9DFA}.Debug|Mixed Platforms.ActiveCfg = Debug|x86
		{0110C9AE-2ACA-4EC4-85B5-E06C54EF9DFA}.Debug|Mixed Platforms.Build.0 = Debug|x86
		{0110C9AE-2ACA-4EC4-85B5-E06C54EF9DFA}.Debug|x64.ActiveCfg = Debug|x86
		{0110C9AE-2ACA-4EC4-85B5-E06C54EF9DFA}.Debug|x86.ActiveCfg = Debug|x86
		{0110C9AE-2ACA-4EC4-85B5-E06C54EF9DFA}.Debug|x86.Build.0 = Debug|x86
		{0110C9AE-2ACA-4EC4-85B5-E06C54EF9DFA}.Release|Any CPU.ActiveCfg = Release|x86
		{0110C9AE-2ACA-4EC4-85B5-E06C54EF9DFA}.Release|ARM.ActiveCfg = Release|x86
		{0110C9AE-2ACA-4EC4-85B5-E06C54EF9DFA}.Release|Mixed Platforms.ActiveCfg = Release|x86
		{0110C9AE-2ACA-4EC4-85B5-E06C54EF9DFA}.Release|Mixed Platforms.Build.0 = Release|x86
		{0110C9AE-2ACA-4EC4-85B5-E06C54EF9DFA}.Release|x64.ActiveCfg = Release|x86
		{0110C9AE-2ACA-4EC4-85B5-E06C54EF9DFA}.Release|x86.ActiveCfg = Release|x86
		{0110C9AE-2ACA-4EC4-85B5-E06C54EF9DFA}.Release|x86.Build.0 = Release|x86
		{A8397EA1-F15A-428A-B9BE-D9F124FCFD7A}.Debug|Any CPU.ActiveCfg = Debug|Any CPU
		{A8397EA1-F15A-428A-B9BE-D9F124FCFD7A}.Debug|Any CPU.Build.0 = Debug|Any CPU
		{A8397EA1-F15A-428A-B9BE-D9F124FCFD7A}.Debug|ARM.ActiveCfg = Debug|Any CPU
		{A8397EA1-F15A-428A-B9BE-D9F124FCFD7A}.Debug|Mixed Platforms.ActiveCfg = Debug|Any CPU
		{A8397EA1-F15A-428A-B9BE-D9F124FCFD7A}.Debug|Mixed Platforms.Build.0 = Debug|Any CPU
		{A8397EA1-F15A-428A-B9BE-D9F124FCFD7A}.Debug|x64.ActiveCfg = Debug|Any CPU
		{A8397EA1-F15A-428A-B9BE-D9F124FCFD7A}.Debug|x86.ActiveCfg = Debug|Any CPU
		{A8397EA1-F15A-428A-B9BE-D9F124FCFD7A}.Release|Any CPU.ActiveCfg = Release|Any CPU
		{A8397EA1-F15A-428A-B9BE-D9F124FCFD7A}.Release|Any CPU.Build.0 = Release|Any CPU
		{A8397EA1-F15A-428A-B9BE-D9F124FCFD7A}.Release|ARM.ActiveCfg = Release|Any CPU
		{A8397EA1-F15A-428A-B9BE-D9F124FCFD7A}.Release|Mixed Platforms.ActiveCfg = Release|Any CPU
		{A8397EA1-F15A-428A-B9BE-D9F124FCFD7A}.Release|Mixed Platforms.Build.0 = Release|Any CPU
		{A8397EA1-F15A-428A-B9BE-D9F124FCFD7A}.Release|x64.ActiveCfg = Release|Any CPU
		{A8397EA1-F15A-428A-B9BE-D9F124FCFD7A}.Release|x86.ActiveCfg = Release|Any CPU
	EndGlobalSection
	GlobalSection(SolutionProperties) = preSolution
		HideSolutionNode = FALSE
	EndGlobalSection
	GlobalSection(NestedProjects) = preSolution
		{8EEBF2DF-D20C-4480-9AC2-51880882535D} = {7DA83FE0-220F-4701-87F2-23C16A1FE2CC}
		{0110C9AE-2ACA-4EC4-85B5-E06C54EF9DFA} = {7DA83FE0-220F-4701-87F2-23C16A1FE2CC}
	EndGlobalSection
EndGlobal
